
Microsoft Visual Studio Solution File, Format Version 12.00
# Visual Studio Version 16
VisualStudioVersion = 16.0.31313.79
MinimumVisualStudioVersion = 10.0.40219.1
Project("{FAE04EC0-301F-11D3-BF4B-00C04F79EFBC}") = "BatchIDE", "BatchIDE\BatchIDE.csproj", "{6CBC456E-9E57-42D1-B554-4F158A253F82}"
EndProject
Global
	GlobalSection(SolutionConfigurationPlatforms) = preSolution
		Debug|Any CPU = Debug|Any CPU
		Release|Any CPU = Release|Any CPU
	EndGlobalSection
	GlobalSection(ProjectConfigurationPlatforms) = postSolution
		{6CBC456E-9E57-42D1-B554-4F158A253F82}.Debug|Any CPU.ActiveCfg = Debug|Any CPU
		{6CBC456E-9E57-42D1-B554-4F158A253F82}.Debug|Any CPU.Build.0 = Debug|Any CPU
		{6CBC456E-9E57-42D1-B554-4F158A253F82}.Release|Any CPU.ActiveCfg = Release|Any CPU
		{6CBC456E-9E57-42D1-B554-4F158A253F82}.Release|Any CPU.Build.0 = Release|Any CPU
	EndGlobalSection
	GlobalSection(SolutionProperties) = preSolution
		HideSolutionNode = FALSE
	EndGlobalSection
	GlobalSection(ExtensibilityGlobals) = postSolution
		SolutionGuid = {5ED85C67-3335-45E4-9AB6-7B5C0C219FD5}
	EndGlobalSection
EndGlobal
